// !$*UTF8*$!
{
	archiveVersion = 1;
	classes = {
	};
	objectVersion = 50;
	objects = {

/* Begin PBXBuildFile section */
		D12EFF93274BAC1400A8F88A /* Shader.cpp in Sources */ = {isa = PBXBuildFile; fileRef = D12EFF8F274BAC1400A8F88A /* Shader.cpp */; };
		D12EFF94274BAC1400A8F88A /* Texture.cpp in Sources */ = {isa = PBXBuildFile; fileRef = D12EFF91274BAC1400A8F88A /* Texture.cpp */; };
		D185E985274B70F800BC78CF /* main.cpp in Sources */ = {isa = PBXBuildFile; fileRef = D185E984274B70F800BC78CF /* main.cpp */; };
		D185E98D274B710D00BC78CF /* OpenGL.framework in Frameworks */ = {isa = PBXBuildFile; fileRef = D185E98C274B710D00BC78CF /* OpenGL.framework */; };
		D185E98F274B711800BC78CF /* libGLEW.2.2.0.dylib in Frameworks */ = {isa = PBXBuildFile; fileRef = D185E98E274B711800BC78CF /* libGLEW.2.2.0.dylib */; };
		D185E991274B712300BC78CF /* libglfw.3.3.dylib in Frameworks */ = {isa = PBXBuildFile; fileRef = D185E990274B712300BC78CF /* libglfw.3.3.dylib */; };
/* End PBXBuildFile section */

/* Begin PBXCopyFilesBuildPhase section */
		D185E97F274B70F800BC78CF /* CopyFiles */ = {
			isa = PBXCopyFilesBuildPhase;
			buildActionMask = 2147483647;
			dstPath = /usr/share/man/man1/;
			dstSubfolderSpec = 0;
			files = (
			);
			runOnlyForDeploymentPostprocessing = 1;
		};
/* End PBXCopyFilesBuildPhase section */

/* Begin PBXFileReference section */
		D12EFF8B274B7E9A00A8F88A /* Dependencies */ = {isa = PBXFileReference; lastKnownFileType = folder; path = Dependencies; sourceTree = "<group>"; };
		D12EFF8C274BAB6700A8F88A /* FragmentShaderCode.glsl */ = {isa = PBXFileReference; fileEncoding = 4; lastKnownFileType = text; path = FragmentShaderCode.glsl; sourceTree = "<group>"; };
		D12EFF8D274BAB6700A8F88A /* Resources */ = {isa = PBXFileReference; lastKnownFileType = folder; path = Resources; sourceTree = "<group>"; };
		D12EFF8E274BAB6700A8F88A /* VertexShaderCode.glsl */ = {isa = PBXFileReference; fileEncoding = 4; lastKnownFileType = text; path = VertexShaderCode.glsl; sourceTree = "<group>"; };
		D12EFF8F274BAC1400A8F88A /* Shader.cpp */ = {isa = PBXFileReference; fileEncoding = 4; lastKnownFileType = sourcecode.cpp.cpp; path = Shader.cpp; sourceTree = "<group>"; };
		D12EFF90274BAC1400A8F88A /* Shader.h */ = {isa = PBXFileReference; fileEncoding = 4; lastKnownFileType = sourcecode.c.h; path = Shader.h; sourceTree = "<group>"; };
		D12EFF91274BAC1400A8F88A /* Texture.cpp */ = {isa = PBXFileReference; fileEncoding = 4; lastKnownFileType = sourcecode.cpp.cpp; path = Texture.cpp; sourceTree = "<group>"; };
		D12EFF92274BAC1400A8F88A /* Texture.h */ = {isa = PBXFileReference; fileEncoding = 4; lastKnownFileType = sourcecode.c.h; path = Texture.h; sourceTree = "<group>"; };
		D12EFF95274BFED300A8F88A /* FragmentShaderCodeSkyBox.glsl */ = {isa = PBXFileReference; fileEncoding = 4; lastKnownFileType = text; path = FragmentShaderCodeSkyBox.glsl; sourceTree = "<group>"; };
		D12EFF96274BFED300A8F88A /* VertexShaderCodeSkyBox.glsl */ = {isa = PBXFileReference; fileEncoding = 4; lastKnownFileType = text; path = VertexShaderCodeSkyBox.glsl; sourceTree = "<group>"; };
		D12EFF97274DEA5F00A8F88A /* VertexShaderCodePlanet.glsl */ = {isa = PBXFileReference; fileEncoding = 4; lastKnownFileType = text; path = VertexShaderCodePlanet.glsl; sourceTree = "<group>"; };
		D12EFF98274DEA5F00A8F88A /* FragmentShaderCodePlanet.glsl */ = {isa = PBXFileReference; fileEncoding = 4; lastKnownFileType = text; path = FragmentShaderCodePlanet.glsl; sourceTree = "<group>"; };
		D185E981274B70F800BC78CF /* CSCI3260Project */ = {isa = PBXFileReference; explicitFileType = "compiled.mach-o.executable"; includeInIndex = 0; path = CSCI3260Project; sourceTree = BUILT_PRODUCTS_DIR; };
		D185E984274B70F800BC78CF /* main.cpp */ = {isa = PBXFileReference; lastKnownFileType = sourcecode.cpp.cpp; path = main.cpp; sourceTree = "<group>"; };
		D185E98C274B710D00BC78CF /* OpenGL.framework */ = {isa = PBXFileReference; lastKnownFileType = wrapper.framework; name = OpenGL.framework; path = System/Library/Frameworks/OpenGL.framework; sourceTree = SDKROOT; };
		D185E98E274B711800BC78CF /* libGLEW.2.2.0.dylib */ = {isa = PBXFileReference; lastKnownFileType = "compiled.mach-o.dylib"; name = libGLEW.2.2.0.dylib; path = ../../../../../../opt/homebrew/Cellar/glew/2.2.0_1/lib/libGLEW.2.2.0.dylib; sourceTree = "<group>"; };
		D185E990274B712300BC78CF /* libglfw.3.3.dylib */ = {isa = PBXFileReference; lastKnownFileType = "compiled.mach-o.dylib"; name = libglfw.3.3.dylib; path = ../../../../../../opt/homebrew/Cellar/glfw/3.3.4/lib/libglfw.3.3.dylib; sourceTree = "<group>"; };
/* End PBXFileReference section */

/* Begin PBXFrameworksBuildPhase section */
		D185E97E274B70F800BC78CF /* Frameworks */ = {
			isa = PBXFrameworksBuildPhase;
			buildActionMask = 2147483647;
			files = (
				D185E991274B712300BC78CF /* libglfw.3.3.dylib in Frameworks */,
				D185E98F274B711800BC78CF /* libGLEW.2.2.0.dylib in Frameworks */,
				D185E98D274B710D00BC78CF /* OpenGL.framework in Frameworks */,
			);
			runOnlyForDeploymentPostprocessing = 0;
		};
/* End PBXFrameworksBuildPhase section */

/* Begin PBXGroup section */
		D185E978274B70F800BC78CF = {
			isa = PBXGroup;
			children = (
				D185E983274B70F800BC78CF /* CSCI3260Project */,
				D185E982274B70F800BC78CF /* Products */,
				D185E98B274B710D00BC78CF /* Frameworks */,
			);
			sourceTree = "<group>";
		};
		D185E982274B70F800BC78CF /* Products */ = {
			isa = PBXGroup;
			children = (
				D185E981274B70F800BC78CF /* CSCI3260Project */,
			);
			name = Products;
			sourceTree = "<group>";
		};
		D185E983274B70F800BC78CF /* CSCI3260Project */ = {
			isa = PBXGroup;
			children = (
				D12EFF98274DEA5F00A8F88A /* FragmentShaderCodePlanet.glsl */,
				D12EFF97274DEA5F00A8F88A /* VertexShaderCodePlanet.glsl */,
				D12EFF95274BFED300A8F88A /* FragmentShaderCodeSkyBox.glsl */,
				D12EFF96274BFED300A8F88A /* VertexShaderCodeSkyBox.glsl */,
				D12EFF8F274BAC1400A8F88A /* Shader.cpp */,
				D12EFF90274BAC1400A8F88A /* Shader.h */,
				D12EFF91274BAC1400A8F88A /* Texture.cpp */,
				D12EFF92274BAC1400A8F88A /* Texture.h */,
				D12EFF8C274BAB6700A8F88A /* FragmentShaderCode.glsl */,
				D12EFF8D274BAB6700A8F88A /* Resources */,
				D12EFF8E274BAB6700A8F88A /* VertexShaderCode.glsl */,
				D12EFF8B274B7E9A00A8F88A /* Dependencies */,
				D185E984274B70F800BC78CF /* main.cpp */,
			);
			path = CSCI3260Project;
			sourceTree = "<group>";
		};
		D185E98B274B710D00BC78CF /* Frameworks */ = {
			isa = PBXGroup;
			children = (
				D185E990274B712300BC78CF /* libglfw.3.3.dylib */,
				D185E98E274B711800BC78CF /* libGLEW.2.2.0.dylib */,
				D185E98C274B710D00BC78CF /* OpenGL.framework */,
			);
			name = Frameworks;
			sourceTree = "<group>";
		};
/* End PBXGroup section */

/* Begin PBXNativeTarget section */
		D185E980274B70F800BC78CF /* CSCI3260Project */ = {
			isa = PBXNativeTarget;
			buildConfigurationList = D185E988274B70F800BC78CF /* Build configuration list for PBXNativeTarget "CSCI3260Project" */;
			buildPhases = (
				D185E97D274B70F800BC78CF /* Sources */,
				D185E97E274B70F800BC78CF /* Frameworks */,
				D185E97F274B70F800BC78CF /* CopyFiles */,
			);
			buildRules = (
			);
			dependencies = (
			);
			name = CSCI3260Project;
			productName = CSCI3260Project;
			productReference = D185E981274B70F800BC78CF /* CSCI3260Project */;
			productType = "com.apple.product-type.tool";
		};
/* End PBXNativeTarget section */

/* Begin PBXProject section */
		D185E979274B70F800BC78CF /* Project object */ = {
			isa = PBXProject;
			attributes = {
				LastUpgradeCheck = 1250;
				TargetAttributes = {
					D185E980274B70F800BC78CF = {
						CreatedOnToolsVersion = 12.5.1;
					};
				};
			};
			buildConfigurationList = D185E97C274B70F800BC78CF /* Build configuration list for PBXProject "CSCI3260Project" */;
			compatibilityVersion = "Xcode 9.3";
			developmentRegion = en;
			hasScannedForEncodings = 0;
			knownRegions = (
				en,
				Base,
			);
			mainGroup = D185E978274B70F800BC78CF;
			productRefGroup = D185E982274B70F800BC78CF /* Products */;
			projectDirPath = "";
			projectRoot = "";
			targets = (
				D185E980274B70F800BC78CF /* CSCI3260Project */,
			);
		};
/* End PBXProject section */

/* Begin PBXSourcesBuildPhase section */
		D185E97D274B70F800BC78CF /* Sources */ = {
			isa = PBXSourcesBuildPhase;
			buildActionMask = 2147483647;
			files = (
				D12EFF94274BAC1400A8F88A /* Texture.cpp in Sources */,
				D12EFF93274BAC1400A8F88A /* Shader.cpp in Sources */,
				D185E985274B70F800BC78CF /* main.cpp in Sources */,
			);
			runOnlyForDeploymentPostprocessing = 0;
		};
/* End PBXSourcesBuildPhase section */

/* Begin XCBuildConfiguration section */
		D185E986274B70F800BC78CF /* Debug */ = {
			isa = XCBuildConfiguration;
			buildSettings = {
				ALWAYS_SEARCH_USER_PATHS = NO;
				CLANG_ANALYZER_NONNULL = YES;
				CLANG_ANALYZER_NUMBER_OBJECT_CONVERSION = YES_AGGRESSIVE;
				CLANG_CXX_LANGUAGE_STANDARD = "gnu++14";
				CLANG_CXX_LIBRARY = "libc++";
				CLANG_ENABLE_MODULES = YES;
				CLANG_ENABLE_OBJC_ARC = YES;
				CLANG_ENABLE_OBJC_WEAK = YES;
				CLANG_WARN_BLOCK_CAPTURE_AUTORELEASING = YES;
				CLANG_WARN_BOOL_CONVERSION = YES;
				CLANG_WARN_COMMA = YES;
				CLANG_WARN_CONSTANT_CONVERSION = YES;
				CLANG_WARN_DEPRECATED_OBJC_IMPLEMENTATIONS = YES;
				CLANG_WARN_DIRECT_OBJC_ISA_USAGE = YES_ERROR;
				CLANG_WARN_DOCUMENTATION_COMMENTS = YES;
				CLANG_WARN_EMPTY_BODY = YES;
				CLANG_WARN_ENUM_CONVERSION = YES;
				CLANG_WARN_INFINITE_RECURSION = YES;
				CLANG_WARN_INT_CONVERSION = YES;
				CLANG_WARN_NON_LITERAL_NULL_CONVERSION = YES;
				CLANG_WARN_OBJC_IMPLICIT_RETAIN_SELF = YES;
				CLANG_WARN_OBJC_LITERAL_CONVERSION = YES;
				CLANG_WARN_OBJC_ROOT_CLASS = YES_ERROR;
				CLANG_WARN_QUOTED_INCLUDE_IN_FRAMEWORK_HEADER = YES;
				CLANG_WARN_RANGE_LOOP_ANALYSIS = YES;
				CLANG_WARN_STRICT_PROTOTYPES = YES;
				CLANG_WARN_SUSPICIOUS_MOVE = YES;
				CLANG_WARN_UNGUARDED_AVAILABILITY = YES_AGGRESSIVE;
				CLANG_WARN_UNREACHABLE_CODE = YES;
				CLANG_WARN__DUPLICATE_METHOD_MATCH = YES;
				COPY_PHASE_STRIP = NO;
				DEBUG_INFORMATION_FORMAT = dwarf;
				ENABLE_STRICT_OBJC_MSGSEND = YES;
				ENABLE_TESTABILITY = YES;
				GCC_C_LANGUAGE_STANDARD = gnu11;
				GCC_DYNAMIC_NO_PIC = NO;
				GCC_NO_COMMON_BLOCKS = YES;
				GCC_OPTIMIZATION_LEVEL = 0;
				GCC_PREPROCESSOR_DEFINITIONS = (
					"DEBUG=1",
					"$(inherited)",
				);
				GCC_WARN_64_TO_32_BIT_CONVERSION = YES;
				GCC_WARN_ABOUT_RETURN_TYPE = YES_ERROR;
				GCC_WARN_UNDECLARED_SELECTOR = YES;
				GCC_WARN_UNINITIALIZED_AUTOS = YES_AGGRESSIVE;
				GCC_WARN_UNUSED_FUNCTION = YES;
				GCC_WARN_UNUSED_VARIABLE = YES;
				MACOSX_DEPLOYMENT_TARGET = 11.3;
				MTL_ENABLE_DEBUG_INFO = INCLUDE_SOURCE;
				MTL_FAST_MATH = YES;
				ONLY_ACTIVE_ARCH = YES;
				SDKROOT = macosx;
			};
			name = Debug;
		};
		D185E987274B70F800BC78CF /* Release */ = {
			isa = XCBuildConfiguration;
			buildSettings = {
				ALWAYS_SEARCH_USER_PATHS = NO;
				CLANG_ANALYZER_NONNULL = YES;
				CLANG_ANALYZER_NUMBER_OBJECT_CONVERSION = YES_AGGRESSIVE;
				CLANG_CXX_LANGUAGE_STANDARD = "gnu++14";
				CLANG_CXX_LIBRARY = "libc++";
				CLANG_ENABLE_MODULES = YES;
				CLANG_ENABLE_OBJC_ARC = YES;
				CLANG_ENABLE_OBJC_WEAK = YES;
				CLANG_WARN_BLOCK_CAPTURE_AUTORELEASING = YES;
				CLANG_WARN_BOOL_CONVERSION = YES;
				CLANG_WARN_COMMA = YES;
				CLANG_WARN_CONSTANT_CONVERSION = YES;
				CLANG_WARN_DEPRECATED_OBJC_IMPLEMENTATIONS = YES;
				CLANG_WARN_DIRECT_OBJC_ISA_USAGE = YES_ERROR;
				CLANG_WARN_DOCUMENTATION_COMMENTS = YES;
				CLANG_WARN_EMPTY_BODY = YES;
				CLANG_WARN_ENUM_CONVERSION = YES;
				CLANG_WARN_INFINITE_RECURSION = YES;
				CLANG_WARN_INT_CONVERSION = YES;
				CLANG_WARN_NON_LITERAL_NULL_CONVERSION = YES;
				CLANG_WARN_OBJC_IMPLICIT_RETAIN_SELF = YES;
				CLANG_WARN_OBJC_LITERAL_CONVERSION = YES;
				CLANG_WARN_OBJC_ROOT_CLASS = YES_ERROR;
				CLANG_WARN_QUOTED_INCLUDE_IN_FRAMEWORK_HEADER = YES;
				CLANG_WARN_RANGE_LOOP_ANALYSIS = YES;
				CLANG_WARN_STRICT_PROTOTYPES = YES;
				CLANG_WARN_SUSPICIOUS_MOVE = YES;
				CLANG_WARN_UNGUARDED_AVAILABILITY = YES_AGGRESSIVE;
				CLANG_WARN_UNREACHABLE_CODE = YES;
				CLANG_WARN__DUPLICATE_METHOD_MATCH = YES;
				COPY_PHASE_STRIP = NO;
				DEBUG_INFORMATION_FORMAT = "dwarf-with-dsym";
				ENABLE_NS_ASSERTIONS = NO;
				ENABLE_STRICT_OBJC_MSGSEND = YES;
				GCC_C_LANGUAGE_STANDARD = gnu11;
				GCC_NO_COMMON_BLOCKS = YES;
				GCC_WARN_64_TO_32_BIT_CONVERSION = YES;
				GCC_WARN_ABOUT_RETURN_TYPE = YES_ERROR;
				GCC_WARN_UNDECLARED_SELECTOR = YES;
				GCC_WARN_UNINITIALIZED_AUTOS = YES_AGGRESSIVE;
				GCC_WARN_UNUSED_FUNCTION = YES;
				GCC_WARN_UNUSED_VARIABLE = YES;
				MACOSX_DEPLOYMENT_TARGET = 11.3;
				MTL_ENABLE_DEBUG_INFO = NO;
				MTL_FAST_MATH = YES;
				SDKROOT = macosx;
			};
			name = Release;
		};
		D185E989274B70F800BC78CF /* Debug */ = {
			isa = XCBuildConfiguration;
			buildSettings = {
				CODE_SIGN_STYLE = Automatic;
				LIBRARY_SEARCH_PATHS = (
					"$(inherited)",
					/opt/homebrew/Cellar/glew/2.2.0_1/lib,
					/opt/homebrew/Cellar/glfw/3.3.4/lib,
				);
				PRODUCT_NAME = "$(TARGET_NAME)";
				USER_HEADER_SEARCH_PATHS = /opt/homebrew/include;
			};
			name = Debug;
		};
		D185E98A274B70F800BC78CF /* Release */ = {
			isa = XCBuildConfiguration;
			buildSettings = {
				CODE_SIGN_STYLE = Automatic;
				LIBRARY_SEARCH_PATHS = (
					"$(inherited)",
					/opt/homebrew/Cellar/glew/2.2.0_1/lib,
					/opt/homebrew/Cellar/glfw/3.3.4/lib,
				);
				PRODUCT_NAME = "$(TARGET_NAME)";
				USER_HEADER_SEARCH_PATHS = /opt/homebrew/include;
			};
			name = Release;
		};
/* End XCBuildConfiguration section */

/* Begin XCConfigurationList section */
		D185E97C274B70F800BC78CF /* Build configuration list for PBXProject "CSCI3260Project" */ = {
			isa = XCConfigurationList;
			buildConfigurations = (
				D185E986274B70F800BC78CF /* Debug */,
				D185E987274B70F800BC78CF /* Release */,
			);
			defaultConfigurationIsVisible = 0;
			defaultConfigurationName = Release;
		};
		D185E988274B70F800BC78CF /* Build configuration list for PBXNativeTarget "CSCI3260Project" */ = {
			isa = XCConfigurationList;
			buildConfigurations = (
				D185E989274B70F800BC78CF /* Debug */,
				D185E98A274B70F800BC78CF /* Release */,
			);
			defaultConfigurationIsVisible = 0;
			defaultConfigurationName = Release;
		};
/* End XCConfigurationList section */
	};
	rootObject = D185E979274B70F800BC78CF /* Project object */;
}
